
Microsoft Visual Studio Solution File, Format Version 12.00
# Visual Studio Version 17
VisualStudioVersion = 17.9.34607.119
MinimumVisualStudioVersion = 10.0.40219.1
Project("{888888A0-9F3D-457C-B088-3A5042F75D52}") = "lines_1", "lines_1.pyproj", "{E2393C9C-61C1-41EE-81F7-F440ED27AB1E}"
EndProject
Global
	GlobalSection(SolutionConfigurationPlatforms) = preSolution
		Debug|Any CPU = Debug|Any CPU
		Release|Any CPU = Release|Any CPU
	EndGlobalSection
	GlobalSection(ProjectConfigurationPlatforms) = postSolution
		{E2393C9C-61C1-41EE-81F7-F440ED27AB1E}.Debug|Any CPU.ActiveCfg = Debug|Any CPU
		{E2393C9C-61C1-41EE-81F7-F440ED27AB1E}.Release|Any CPU.ActiveCfg = Release|Any CPU
	EndGlobalSection
	GlobalSection(SolutionProperties) = preSolution
		HideSolutionNode = FALSE
	EndGlobalSection
	GlobalSection(ExtensibilityGlobals) = postSolution
		SolutionGuid = {B40CA05E-DFB8-4CDD-891E-4EC752CD07E8}
	EndGlobalSection
EndGlobal
